
Microsoft Visual Studio Solution File, Format Version 12.00
# Visual Studio 2013
VisualStudioVersion = 12.0.21005.1
MinimumVisualStudioVersion = 10.0.40219.1
Project("{FAE04EC0-301F-11D3-BF4B-00C04F79EFBC}") = "CsSandbox", "CsSandbox\CsSandbox.csproj", "{9512CF20-5002-4E09-B336-D218A2710596}"
EndProject
Project("{FAE04EC0-301F-11D3-BF4B-00C04F79EFBC}") = "CsSandboxApi", "CsSandboxApi\CsSandboxApi.csproj", "{67548E85-3E16-4863-A080-6EB49FD72F34}"
EndProject
Project("{FAE04EC0-301F-11D3-BF4B-00C04F79EFBC}") = "CsSandboxTests", "CsSandboxTests\CsSandboxTests.csproj", "{46AD200E-507B-4DFF-BE82-B18DF1E9ED70}"
EndProject
Global
	GlobalSection(SolutionConfigurationPlatforms) = preSolution
		Debug|Any CPU = Debug|Any CPU
		Release|Any CPU = Release|Any CPU
	EndGlobalSection
	GlobalSection(ProjectConfigurationPlatforms) = postSolution
		{9512CF20-5002-4E09-B336-D218A2710596}.Debug|Any CPU.ActiveCfg = Debug|Any CPU
		{9512CF20-5002-4E09-B336-D218A2710596}.Debug|Any CPU.Build.0 = Debug|Any CPU
		{9512CF20-5002-4E09-B336-D218A2710596}.Release|Any CPU.ActiveCfg = Release|Any CPU
		{9512CF20-5002-4E09-B336-D218A2710596}.Release|Any CPU.Build.0 = Release|Any CPU
		{67548E85-3E16-4863-A080-6EB49FD72F34}.Debug|Any CPU.ActiveCfg = Debug|Any CPU
		{67548E85-3E16-4863-A080-6EB49FD72F34}.Debug|Any CPU.Build.0 = Debug|Any CPU
		{67548E85-3E16-4863-A080-6EB49FD72F34}.Release|Any CPU.ActiveCfg = Release|Any CPU
		{67548E85-3E16-4863-A080-6EB49FD72F34}.Release|Any CPU.Build.0 = Release|Any CPU
		{46AD200E-507B-4DFF-BE82-B18DF1E9ED70}.Debug|Any CPU.ActiveCfg = Debug|Any CPU
		{46AD200E-507B-4DFF-BE82-B18DF1E9ED70}.Debug|Any CPU.Build.0 = Debug|Any CPU
		{46AD200E-507B-4DFF-BE82-B18DF1E9ED70}.Release|Any CPU.ActiveCfg = Release|Any CPU
		{46AD200E-507B-4DFF-BE82-B18DF1E9ED70}.Release|Any CPU.Build.0 = Release|Any CPU
	EndGlobalSection
	GlobalSection(SolutionProperties) = preSolution
		HideSolutionNode = FALSE
	EndGlobalSection
EndGlobal
